
Microsoft Visual Studio Solution File, Format Version 12.00
# Visual Studio Version 17
VisualStudioVersion = 17.0.31903.59
MinimumVisualStudioVersion = 10.0.40219.1
Project("{9A19103F-16F7-4668-BE54-9A1E7A4F7556}") = "SFE.Domain", "SFE.Domain\SFE.Domain.csproj", "{8B250D99-E987-4EBE-B0F4-62DC4CB208CF}"
EndProject
Project("{9A19103F-16F7-4668-BE54-9A1E7A4F7556}") = "SFE.Application", "SFE.Application\SFE.Application.csproj", "{C82411BF-945A-422A-AC19-6EBCBB63F4EF}"
EndProject
Project("{9A19103F-16F7-4668-BE54-9A1E7A4F7556}") = "SFE.Infrastructure.Persistence", "SFE.Infrastructure.Persistence\SFE.Infrastructure.Persistence.csproj", "{528E2169-0332-48F8-A093-20E21F192765}"
EndProject
Project("{9A19103F-16F7-4668-BE54-9A1E7A4F7556}") = "SFE.Infrastructure.EMcf", "SFE.Infrastructure.EMcf\SFE.Infrastructure.EMcf.csproj", "{CC75B12C-CA9A-415E-BB61-2AF311E32747}"
EndProject
Project("{9A19103F-16F7-4668-BE54-9A1E7A4F7556}") = "SFE.Infrastructure.Mcf", "SFE.Infrastructure.Mcf\SFE.Infrastructure.Mcf.csproj", "{136EB681-7475-408D-8CA2-AD3C1D07AF45}"
EndProject
Project("{9A19103F-16F7-4668-BE54-9A1E7A4F7556}") = "SFE.WPF", "SFE.WPF\SFE.WPF.csproj", "{D731A668-DCD4-4991-BCD8-1DA2495CB9B2}"
EndProject
Project("{9A19103F-16F7-4668-BE54-9A1E7A4F7556}") = "SFE.Api", "SFE.Api\SFE.Api.csproj", "{13E58A64-F1FD-43C0-8976-ED6217CAF6D9}"
EndProject
Global
	GlobalSection(SolutionConfigurationPlatforms) = preSolution
		Debug|Any CPU = Debug|Any CPU
		Release|Any CPU = Release|Any CPU
	EndGlobalSection
	GlobalSection(ProjectConfigurationPlatforms) = postSolution
		{8B250D99-E987-4EBE-B0F4-62DC4CB208CF}.Debug|Any CPU.ActiveCfg = Debug|Any CPU
		{8B250D99-E987-4EBE-B0F4-62DC4CB208CF}.Debug|Any CPU.Build.0 = Debug|Any CPU
		{8B250D99-E987-4EBE-B0F4-62DC4CB208CF}.Release|Any CPU.ActiveCfg = Release|Any CPU
		{8B250D99-E987-4EBE-B0F4-62DC4CB208CF}.Release|Any CPU.Build.0 = Release|Any CPU
		{C82411BF-945A-422A-AC19-6EBCBB63F4EF}.Debug|Any CPU.ActiveCfg = Debug|Any CPU
		{C82411BF-945A-422A-AC19-6EBCBB63F4EF}.Debug|Any CPU.Build.0 = Debug|Any CPU
		{C82411BF-945A-422A-AC19-6EBCBB63F4EF}.Release|Any CPU.ActiveCfg = Release|Any CPU
		{C82411BF-945A-422A-AC19-6EBCBB63F4EF}.Release|Any CPU.Build.0 = Release|Any CPU
		{528E2169-0332-48F8-A093-20E21F192765}.Debug|Any CPU.ActiveCfg = Debug|Any CPU
		{528E2169-0332-48F8-A093-20E21F192765}.Debug|Any CPU.Build.0 = Debug|Any CPU
		{528E2169-0332-48F8-A093-20E21F192765}.Release|Any CPU.ActiveCfg = Release|Any CPU
		{528E2169-0332-48F8-A093-20E21F192765}.Release|Any CPU.Build.0 = Release|Any CPU
		{CC75B12C-CA9A-415E-BB61-2AF311E32747}.Debug|Any CPU.ActiveCfg = Debug|Any CPU
		{CC75B12C-CA9A-415E-BB61-2AF311E32747}.Debug|Any CPU.Build.0 = Debug|Any CPU
		{CC75B12C-CA9A-415E-BB61-2AF311E32747}.Release|Any CPU.ActiveCfg = Release|Any CPU
		{CC75B12C-CA9A-415E-BB61-2AF311E32747}.Release|Any CPU.Build.0 = Release|Any CPU
		{136EB681-7475-408D-8CA2-AD3C1D07AF45}.Debug|Any CPU.ActiveCfg = Debug|Any CPU
		{136EB681-7475-408D-8CA2-AD3C1D07AF45}.Debug|Any CPU.Build.0 = Debug|Any CPU
		{136EB681-7475-408D-8CA2-AD3C1D07AF45}.Release|Any CPU.ActiveCfg = Release|Any CPU
		{136EB681-7475-408D-8CA2-AD3C1D07AF45}.Release|Any CPU.Build.0 = Release|Any CPU
		{D731A668-DCD4-4991-BCD8-1DA2495CB9B2}.Debug|Any CPU.ActiveCfg = Debug|Any CPU
		{D731A668-DCD4-4991-BCD8-1DA2495CB9B2}.Debug|Any CPU.Build.0 = Debug|Any CPU
		{D731A668-DCD4-4991-BCD8-1DA2495CB9B2}.Release|Any CPU.ActiveCfg = Release|Any CPU
		{D731A668-DCD4-4991-BCD8-1DA2495CB9B2}.Release|Any CPU.Build.0 = Release|Any CPU
		{13E58A64-F1FD-43C0-8976-ED6217CAF6D9}.Debug|Any CPU.ActiveCfg = Debug|Any CPU
		{13E58A64-F1FD-43C0-8976-ED6217CAF6D9}.Debug|Any CPU.Build.0 = Debug|Any CPU
		{13E58A64-F1FD-43C0-8976-ED6217CAF6D9}.Release|Any CPU.ActiveCfg = Release|Any CPU
		{13E58A64-F1FD-43C0-8976-ED6217CAF6D9}.Release|Any CPU.Build.0 = Release|Any CPU
	EndGlobalSection
	GlobalSection(SolutionProperties) = preSolution
		HideSolutionNode = FALSE
	EndGlobalSection
	GlobalSection(ExtensibilityGlobals) = postSolution
		SolutionGuid = {2E532708-5B08-42FF-9DCD-CFEE18885F74}
	EndGlobalSection
EndGlobal
